
Microsoft Visual Studio Solution File, Format Version 12.00
# Visual Studio Version 17
VisualStudioVersion = 17.5.33516.290
MinimumVisualStudioVersion = 10.0.40219.1
Project("{FAE04EC0-301F-11D3-BF4B-00C04F79EFBC}") = "AplicacionTalyCap", "AplicacionTalyCap\AplicacionTalyCap.csproj", "{DB6E0A83-F019-4F0A-A5D5-3C1F079647FC}"
EndProject
Global
	GlobalSection(SolutionConfigurationPlatforms) = preSolution
		Debug|Any CPU = Debug|Any CPU
		Release|Any CPU = Release|Any CPU
	EndGlobalSection
	GlobalSection(ProjectConfigurationPlatforms) = postSolution
		{DB6E0A83-F019-4F0A-A5D5-3C1F079647FC}.Debug|Any CPU.ActiveCfg = Debug|Any CPU
		{DB6E0A83-F019-4F0A-A5D5-3C1F079647FC}.Debug|Any CPU.Build.0 = Debug|Any CPU
		{DB6E0A83-F019-4F0A-A5D5-3C1F079647FC}.Release|Any CPU.ActiveCfg = Release|Any CPU
		{DB6E0A83-F019-4F0A-A5D5-3C1F079647FC}.Release|Any CPU.Build.0 = Release|Any CPU
	EndGlobalSection
	GlobalSection(SolutionProperties) = preSolution
		HideSolutionNode = FALSE
	EndGlobalSection
	GlobalSection(ExtensibilityGlobals) = postSolution
		SolutionGuid = {75067AE7-6496-4B4F-B544-EE36C91A5265}
	EndGlobalSection
EndGlobal
